
Microsoft Visual Studio Solution File, Format Version 12.00
# Visual Studio Version 16
VisualStudioVersion = 16.0.29905.134
MinimumVisualStudioVersion = 10.0.40219.1
Project("{FAE04EC0-301F-11D3-BF4B-00C04F79EFBC}") = "TicTacToe_Multiplayer.Android", "TicTacToe Multiplayer\TicTacToe Multiplayer.Android\TicTacToe_Multiplayer.Android.csproj", "{11124DCF-24B2-472F-82F0-6CBD24656C4C}"
EndProject
Project("{FAE04EC0-301F-11D3-BF4B-00C04F79EFBC}") = "TicTacToe_Multiplayer", "TicTacToe Multiplayer\TicTacToe Multiplayer\TicTacToe_Multiplayer.csproj", "{6993875F-D1D6-4DF1-BDBA-C983F5C98F1D}"
EndProject
Project("{FAE04EC0-301F-11D3-BF4B-00C04F79EFBC}") = "TicTacToeServerSide", "TicTacToeServerSide\TicTacToeServerSide.csproj", "{AA433E02-A636-4F83-B7D8-9B257F6E8275}"
EndProject
Global
	GlobalSection(SolutionConfigurationPlatforms) = preSolution
		Debug|Any CPU = Debug|Any CPU
		Release|Any CPU = Release|Any CPU
	EndGlobalSection
	GlobalSection(ProjectConfigurationPlatforms) = postSolution
		{11124DCF-24B2-472F-82F0-6CBD24656C4C}.Debug|Any CPU.ActiveCfg = Debug|Any CPU
		{11124DCF-24B2-472F-82F0-6CBD24656C4C}.Debug|Any CPU.Build.0 = Debug|Any CPU
		{11124DCF-24B2-472F-82F0-6CBD24656C4C}.Debug|Any CPU.Deploy.0 = Debug|Any CPU
		{11124DCF-24B2-472F-82F0-6CBD24656C4C}.Release|Any CPU.ActiveCfg = Release|Any CPU
		{11124DCF-24B2-472F-82F0-6CBD24656C4C}.Release|Any CPU.Build.0 = Release|Any CPU
		{11124DCF-24B2-472F-82F0-6CBD24656C4C}.Release|Any CPU.Deploy.0 = Release|Any CPU
		{6993875F-D1D6-4DF1-BDBA-C983F5C98F1D}.Debug|Any CPU.ActiveCfg = Debug|Any CPU
		{6993875F-D1D6-4DF1-BDBA-C983F5C98F1D}.Debug|Any CPU.Build.0 = Debug|Any CPU
		{6993875F-D1D6-4DF1-BDBA-C983F5C98F1D}.Debug|Any CPU.Deploy.0 = Debug|Any CPU
		{6993875F-D1D6-4DF1-BDBA-C983F5C98F1D}.Release|Any CPU.ActiveCfg = Release|Any CPU
		{6993875F-D1D6-4DF1-BDBA-C983F5C98F1D}.Release|Any CPU.Build.0 = Release|Any CPU
		{6993875F-D1D6-4DF1-BDBA-C983F5C98F1D}.Release|Any CPU.Deploy.0 = Release|Any CPU
		{AA433E02-A636-4F83-B7D8-9B257F6E8275}.Debug|Any CPU.ActiveCfg = Debug|Any CPU
		{AA433E02-A636-4F83-B7D8-9B257F6E8275}.Debug|Any CPU.Build.0 = Debug|Any CPU
		{AA433E02-A636-4F83-B7D8-9B257F6E8275}.Release|Any CPU.ActiveCfg = Release|Any CPU
		{AA433E02-A636-4F83-B7D8-9B257F6E8275}.Release|Any CPU.Build.0 = Release|Any CPU
	EndGlobalSection
	GlobalSection(SolutionProperties) = preSolution
		HideSolutionNode = FALSE
	EndGlobalSection
	GlobalSection(ExtensibilityGlobals) = postSolution
		SolutionGuid = {AFB9D677-D310-40A1-ABB2-E4F86F3C46DF}
	EndGlobalSection
EndGlobal
